
Microsoft Visual Studio Solution File, Format Version 12.00
# Visual Studio 15
VisualStudioVersion = 15.0.28010.2041
MinimumVisualStudioVersion = 10.0.40219.1
Project("{FAE04EC0-301F-11D3-BF4B-00C04F79EFBC}") = "NationalRailforWear", "NationalRailforWear\NationalRailforWear\NationalRailforWear.csproj", "{DF41EBAC-8708-40AD-B8A8-57D380652A6B}"
EndProject
Global
	GlobalSection(SolutionConfigurationPlatforms) = preSolution
		Debug|Any CPU = Debug|Any CPU
		Release|Any CPU = Release|Any CPU
	EndGlobalSection
	GlobalSection(ProjectConfigurationPlatforms) = postSolution
		{DF41EBAC-8708-40AD-B8A8-57D380652A6B}.Debug|Any CPU.ActiveCfg = Debug|Any CPU
		{DF41EBAC-8708-40AD-B8A8-57D380652A6B}.Debug|Any CPU.Build.0 = Debug|Any CPU
		{DF41EBAC-8708-40AD-B8A8-57D380652A6B}.Debug|Any CPU.Deploy.0 = Debug|Any CPU
		{DF41EBAC-8708-40AD-B8A8-57D380652A6B}.Release|Any CPU.ActiveCfg = Release|Any CPU
		{DF41EBAC-8708-40AD-B8A8-57D380652A6B}.Release|Any CPU.Build.0 = Release|Any CPU
		{DF41EBAC-8708-40AD-B8A8-57D380652A6B}.Release|Any CPU.Deploy.0 = Release|Any CPU
	EndGlobalSection
	GlobalSection(SolutionProperties) = preSolution
		HideSolutionNode = FALSE
	EndGlobalSection
	GlobalSection(ExtensibilityGlobals) = postSolution
		SolutionGuid = {2C06A6C7-324A-433F-8469-901ED63E31C4}
	EndGlobalSection
EndGlobal
